
Microsoft Visual Studio Solution File, Format Version 12.00
# Visual Studio Version 17
VisualStudioVersion = 17.7.34202.233
MinimumVisualStudioVersion = 10.0.40219.1
Project("{FAE04EC0-301F-11D3-BF4B-00C04F79EFBC}") = "backend", "backend.csproj", "{2A48FC97-9A81-4D2D-B907-D94123A06244}"
EndProject
Global
	GlobalSection(SolutionConfigurationPlatforms) = preSolution
		Debug|Any CPU = Debug|Any CPU
		Release|Any CPU = Release|Any CPU
	EndGlobalSection
	GlobalSection(ProjectConfigurationPlatforms) = postSolution
		{2A48FC97-9A81-4D2D-B907-D94123A06244}.Debug|Any CPU.ActiveCfg = Debug|Any CPU
		{2A48FC97-9A81-4D2D-B907-D94123A06244}.Debug|Any CPU.Build.0 = Debug|Any CPU
		{2A48FC97-9A81-4D2D-B907-D94123A06244}.Release|Any CPU.ActiveCfg = Release|Any CPU
		{2A48FC97-9A81-4D2D-B907-D94123A06244}.Release|Any CPU.Build.0 = Release|Any CPU
	EndGlobalSection
	GlobalSection(SolutionProperties) = preSolution
		HideSolutionNode = FALSE
	EndGlobalSection
	GlobalSection(ExtensibilityGlobals) = postSolution
		SolutionGuid = {F4FEB5F3-7952-4DBD-AF59-A27348DFA779}
	EndGlobalSection
EndGlobal
